
Microsoft Visual Studio Solution File, Format Version 12.00
# Visual Studio Version 16
VisualStudioVersion = 16.0.30717.126
MinimumVisualStudioVersion = 10.0.40219.1
Project("{FAE04EC0-301F-11D3-BF4B-00C04F79EFBC}") = "Unturned_32BitServerSetup", "Unturned_32BitServerSetup.csproj", "{AD385BB9-079F-401F-8E8B-9BC9F43E6B97}"
EndProject
Global
	GlobalSection(SolutionConfigurationPlatforms) = preSolution
		Debug|Any CPU = Debug|Any CPU
		Release|Any CPU = Release|Any CPU
	EndGlobalSection
	GlobalSection(ProjectConfigurationPlatforms) = postSolution
		{AD385BB9-079F-401F-8E8B-9BC9F43E6B97}.Debug|Any CPU.ActiveCfg = Debug|Any CPU
		{AD385BB9-079F-401F-8E8B-9BC9F43E6B97}.Debug|Any CPU.Build.0 = Debug|Any CPU
		{AD385BB9-079F-401F-8E8B-9BC9F43E6B97}.Release|Any CPU.ActiveCfg = Release|Any CPU
		{AD385BB9-079F-401F-8E8B-9BC9F43E6B97}.Release|Any CPU.Build.0 = Release|Any CPU
	EndGlobalSection
	GlobalSection(SolutionProperties) = preSolution
		HideSolutionNode = FALSE
	EndGlobalSection
	GlobalSection(ExtensibilityGlobals) = postSolution
		SolutionGuid = {5DAE453F-5A73-4146-9D6A-B1B8615AC694}
	EndGlobalSection
EndGlobal
